# This file is autogenerated, do not edit; changes may be undone by the next 'dep ensure'.


[[projects]]
  branch = "master"
  name = "github.com/CorentinB/gobbox"
  packages = ["."]
  revision = "ea6d89695a092b307e8492728a287b7ecf324bc5"

[[projects]]
  name = "github.com/fsnotify/fsnotify"
  packages = ["."]
  revision = "c2828203cd70a50dcccfb2761f8b1f8ceef9a8e9"
  version = "v1.4.7"

[[projects]]
  branch = "master"
  name = "github.com/go-macaron/inject"
  packages = ["."]
  revision = "d8a0b8677191f4380287cfebd08e462217bac7ad"

[[projects]]
  branch = "master"
  name = "github.com/golang/freetype"
  packages = [
    "raster",
    "truetype"
  ]
  revision = "e2365dfdc4a05e4b8299a783240d4a7d5a65d4e4"

[[projects]]
  name = "github.com/hashicorp/hcl"
  packages = [
    ".",
    "hcl/ast",
    "hcl/parser",
    "hcl/printer",
    "hcl/scanner",
    "hcl/strconv",
    "hcl/token",
    "json/parser",
    "json/scanner",
    "json/token"
  ]
  revision = "8cb6e5b959231cc1119e43259c4a608f9c51a241"
  version = "v1.0.0"

[[projects]]
  name = "github.com/inconshreveable/mousetrap"
  packages = ["."]
  revision = "76626ae9c91c4f2a10f34cad8ce83ea42c93bb75"
  version = "v1.0"

[[projects]]
  branch = "master"
  name = "github.com/jolibrain/godd"
  packages = ["."]
  revision = "ae5a168df98f1ca38df44f74866ec6fdc349546f"

[[projects]]
  branch = "master"
  name = "github.com/korandiz/v4l"
  packages = [
    ".",
    "fmt/mjpeg"
  ]
  revision = "995f703bfc89312bdd39a5679cf794832ad8eb36"

[[projects]]
  name = "github.com/magiconair/properties"
  packages = ["."]
  revision = "de8848e004dd33dc07a2947b3d76f618a7fc7ef1"
  version = "v1.8.1"

[[projects]]
  name = "github.com/mitchellh/mapstructure"
  packages = ["."]
  revision = "3536a929edddb9a5b34bd6861dc4a9647cb459fe"
  version = "v1.1.2"

[[projects]]
  branch = "master"
  name = "github.com/mudler/gluedd"
  packages = [
    "pkg/api",
    "pkg/errand",
    "pkg/predictor",
    "pkg/resource"
  ]
  revision = "5ec47c26aaaddae56e2abaa359333392576a6b8d"

[[projects]]
  branch = "master"
  name = "github.com/nfnt/resize"
  packages = ["."]
  revision = "83c6a9932646f83e3267f353373d47347b6036b2"

[[projects]]
  name = "github.com/oliamb/cutter"
  packages = ["."]
  revision = "de2952ec22155c8e68bf4ac03684b1d1d734b53c"
  version = "v0.2.2"

[[projects]]
  name = "github.com/pelletier/go-toml"
  packages = ["."]
  revision = "728039f679cbcd4f6a54e080d2219a4c4928c546"
  version = "v1.4.0"

[[projects]]
  name = "github.com/pixiv/go-libjpeg"
  packages = [
    "jpeg",
    "rgb"
  ]
  revision = "c49be700eba7cab5904c763ae8f0a0e2c5786c35"
  version = "v0.2"

[[projects]]
  name = "github.com/sahilm/fuzzy"
  packages = ["."]
  revision = "0ca8ec0fccc8cd7d336a6d6dec490a327a8d5cb0"
  version = "v0.1.0"

[[projects]]
  branch = "master"
  name = "github.com/saljam/mjpeg"
  packages = ["."]
  revision = "9c13c81549265acc00c892c85ed3664c59ddd8fd"

[[projects]]
  name = "github.com/spf13/afero"
  packages = [
    ".",
    "mem"
  ]
  revision = "588a75ec4f32903aa5e39a2619ba6a4631e28424"
  version = "v1.2.2"

[[projects]]
  name = "github.com/spf13/cast"
  packages = ["."]
  revision = "8c9545af88b134710ab1cd196795e7f2388358d7"
  version = "v1.3.0"

[[projects]]
  name = "github.com/spf13/cobra"
  packages = ["."]
  revision = "f2b07da1e2c38d5f12845a4f607e2e1018cbb1f5"
  version = "v0.0.5"

[[projects]]
  name = "github.com/spf13/jwalterweatherman"
  packages = ["."]
  revision = "94f6ae3ed3bceceafa716478c5fbf8d29ca601a1"
  version = "v1.1.0"

[[projects]]
  name = "github.com/spf13/pflag"
  packages = ["."]
  revision = "298182f68c66c05229eb03ac171abe6e309ee79a"
  version = "v1.0.3"

[[projects]]
  name = "github.com/spf13/viper"
  packages = ["."]
  revision = "b5bf975e5823809fb22c7644d008757f78a4259e"
  version = "v1.4.0"

[[projects]]
  name = "github.com/unknwon/com"
  packages = ["."]
  revision = "41959bdd855fb7db467f78865d5f9044507df1cd"
  version = "v2"

[[projects]]
  branch = "master"
  name = "golang.org/x/crypto"
  packages = ["pbkdf2"]
  revision = "4def268fd1a49955bfb3dda92fe3db4f924f2285"

[[projects]]
  branch = "master"
  name = "golang.org/x/image"
  packages = [
    "font",
    "font/gofont/gomono",
    "math/fixed"
  ]
  revision = "cff245a6509b8c4de022d0d5b9037c503c5989d6"

[[projects]]
  branch = "master"
  name = "golang.org/x/sys"
  packages = ["unix"]
  revision = "51ab0e2deafac1f46c46ad59cf0921be2f180c3d"

[[projects]]
  name = "golang.org/x/text"
  packages = [
    "internal/gen",
    "internal/triegen",
    "internal/ucd",
    "transform",
    "unicode/cldr",
    "unicode/norm"
  ]
  revision = "342b2e1fbaa52c93f31447ad2c6abc048c63e475"
  version = "v0.3.2"

[[projects]]
  name = "gopkg.in/ini.v1"
  packages = ["."]
  revision = "d4cae42d398bc0095297fc3315669590d29166ea"
  version = "v1.46.0"

[[projects]]
  name = "gopkg.in/macaron.v1"
  packages = ["."]
  revision = "213788aac5bca04b4ef40b4b3ab821d417dbf396"
  version = "v1.3.4"

[[projects]]
  name = "gopkg.in/yaml.v2"
  packages = ["."]
  revision = "51d6538a90f86fe93ac480b35f37b2be17fef232"
  version = "v2.2.2"

[solve-meta]
  analyzer-name = "dep"
  analyzer-version = 1
  inputs-digest = "d58e19b691d5b436991578fd33ee6ba26d117bea20139effcf1fab3fd01f1dcd"
  solver-name = "gps-cdcl"
  solver-version = 1
