# This file is autogenerated, do not edit; changes may be undone by the next 'dep ensure'.


[[projects]]
  branch = "master"
  digest = "1:64bbd8fbd3d908aba522ac46b066786a2805ab21db081c5d9d892f470cc83ac1"
  name = "github.com/CorentinB/gobbox"
  packages = ["."]
  pruneopts = "T"
  revision = "ea6d89695a092b307e8492728a287b7ecf324bc5"

[[projects]]
  digest = "1:7fc160b460a6fc506b37fcca68332464c3f2cd57b6e3f111f26c5bbfd2d5518e"
  name = "github.com/fsnotify/fsnotify"
  packages = ["."]
  pruneopts = "T"
  revision = "c2828203cd70a50dcccfb2761f8b1f8ceef9a8e9"
  version = "v1.4.7"

[[projects]]
  branch = "master"
  digest = "1:bdb17865b13e720add16eaa212872b4306c8521f367c7a7ff2c10cef1e7afdb1"
  name = "github.com/go-macaron/inject"
  packages = ["."]
  pruneopts = "T"
  revision = "d8a0b8677191f4380287cfebd08e462217bac7ad"

[[projects]]
  branch = "master"
  digest = "1:d2d5e9922ece6ae1d37016e7e149ea86ad3d3ec7505376fc6fdba3e2f8ff5e2e"
  name = "github.com/golang/freetype"
  packages = [
    "raster",
    "truetype",
  ]
  pruneopts = "T"
  revision = "e2365dfdc4a05e4b8299a783240d4a7d5a65d4e4"

[[projects]]
  digest = "1:071bcbf82c289fba4d3f63c876bf4f0ba7eda625cd60795e0a03ccbf949e517a"
  name = "github.com/hashicorp/hcl"
  packages = [
    ".",
    "hcl/ast",
    "hcl/parser",
    "hcl/printer",
    "hcl/scanner",
    "hcl/strconv",
    "hcl/token",
    "json/parser",
    "json/scanner",
    "json/token",
  ]
  pruneopts = "T"
  revision = "8cb6e5b959231cc1119e43259c4a608f9c51a241"
  version = "v1.0.0"

[[projects]]
  digest = "1:870d441fe217b8e689d7949fef6e43efbc787e50f200cb1e70dbca9204a1d6be"
  name = "github.com/inconshreveable/mousetrap"
  packages = ["."]
  pruneopts = "T"
  revision = "76626ae9c91c4f2a10f34cad8ce83ea42c93bb75"
  version = "v1.0"

[[projects]]
  branch = "master"
  digest = "1:da793c6d0b4b294687062066ba44e9c24969f1807d448082cf3c1633c73c318b"
  name = "github.com/jolibrain/godd"
  packages = ["."]
  pruneopts = "T"
  revision = "ae5a168df98f1ca38df44f74866ec6fdc349546f"

[[projects]]
  branch = "master"
  digest = "1:7288bd0329eafc8c066dfa66b6384330edb135b8ea9fc600d0f494fa8145aaf4"
  name = "github.com/korandiz/v4l"
  packages = [
    ".",
    "fmt/mjpeg",
  ]
  pruneopts = "T"
  revision = "995f703bfc89312bdd39a5679cf794832ad8eb36"

[[projects]]
  digest = "1:d7cc16f6f66fd3f5864ff77480288704b02e5263f6f243dae62b43fdf4bb638e"
  name = "github.com/magiconair/properties"
  packages = ["."]
  pruneopts = "T"
  revision = "de8848e004dd33dc07a2947b3d76f618a7fc7ef1"
  version = "v1.8.1"

[[projects]]
  digest = "1:53bc4cd4914cd7cd52139990d5170d6dc99067ae31c56530621b18b35fc30318"
  name = "github.com/mitchellh/mapstructure"
  packages = ["."]
  pruneopts = "T"
  revision = "3536a929edddb9a5b34bd6861dc4a9647cb459fe"
  version = "v1.1.2"

[[projects]]
  branch = "master"
  digest = "1:bf46dfdd2787ba8f9834ed2a41802ded2042d3f413eafe006dea4e9c2befb1c0"
  name = "github.com/mudler/gluedd"
  packages = [
    "pkg/api",
    "pkg/errand",
    "pkg/predictor",
    "pkg/resource",
  ]
  pruneopts = "T"
  revision = "5ec47c26aaaddae56e2abaa359333392576a6b8d"

[[projects]]
  branch = "master"
  digest = "1:34534b73e925d20cc72cf202f8b482fdcbe3a1b113e19375f31aadabd0f0f97d"
  name = "github.com/nfnt/resize"
  packages = ["."]
  pruneopts = "T"
  revision = "83c6a9932646f83e3267f353373d47347b6036b2"

[[projects]]
  digest = "1:abc5966f690dedc4943d8bed4cdddb0c4fb6e4490ff7702fa4ce2a7c35efbaf7"
  name = "github.com/pelletier/go-toml"
  packages = ["."]
  pruneopts = "T"
  revision = "728039f679cbcd4f6a54e080d2219a4c4928c546"
  version = "v1.4.0"

[[projects]]
  digest = "1:f95896d66b00e80eb4c5d0ca137fd29b59d1a5c1044afea472dd08971275d2cc"
  name = "github.com/pixiv/go-libjpeg"
  packages = [
    "jpeg",
    "rgb",
  ]
  pruneopts = "T"
  revision = "c49be700eba7cab5904c763ae8f0a0e2c5786c35"
  version = "v0.2"

[[projects]]
  digest = "1:8211caf831dfc0e4c6dbdf57a79bf8bc833494f901ac6e800a0a6ea045fb5f4f"
  name = "github.com/sahilm/fuzzy"
  packages = ["."]
  pruneopts = "T"
  revision = "0ca8ec0fccc8cd7d336a6d6dec490a327a8d5cb0"
  version = "v0.1.0"

[[projects]]
  branch = "master"
  digest = "1:917a9861f00802424d9b495ac9c3fc3381ef0fb02e3f5e46f21d18a9d6aca230"
  name = "github.com/saljam/mjpeg"
  packages = ["."]
  pruneopts = "T"
  revision = "9c13c81549265acc00c892c85ed3664c59ddd8fd"

[[projects]]
  digest = "1:dee0cc3252ce6fcc3334c9529abd32925f2aaf072c90336a5a38254953564aa5"
  name = "github.com/spf13/afero"
  packages = [
    ".",
    "mem",
  ]
  pruneopts = "T"
  revision = "588a75ec4f32903aa5e39a2619ba6a4631e28424"
  version = "v1.2.2"

[[projects]]
  digest = "1:08d65904057412fc0270fc4812a1c90c594186819243160dc779a402d4b6d0bc"
  name = "github.com/spf13/cast"
  packages = ["."]
  pruneopts = "T"
  revision = "8c9545af88b134710ab1cd196795e7f2388358d7"
  version = "v1.3.0"

[[projects]]
  digest = "1:0d40f08f9f1d486f6c56a0cb0d50f28ee1d216497adb7ea060b6dfe9587a2a3d"
  name = "github.com/spf13/cobra"
  packages = ["."]
  pruneopts = "T"
  revision = "f2b07da1e2c38d5f12845a4f607e2e1018cbb1f5"
  version = "v0.0.5"

[[projects]]
  digest = "1:1b753ec16506f5864d26a28b43703c58831255059644351bbcb019b843950900"
  name = "github.com/spf13/jwalterweatherman"
  packages = ["."]
  pruneopts = "T"
  revision = "94f6ae3ed3bceceafa716478c5fbf8d29ca601a1"
  version = "v1.1.0"

[[projects]]
  digest = "1:0f775ea7a72e30d5574267692aaa9ff265aafd15214a7ae7db26bc77f2ca04dc"
  name = "github.com/spf13/pflag"
  packages = ["."]
  pruneopts = "T"
  revision = "298182f68c66c05229eb03ac171abe6e309ee79a"
  version = "v1.0.3"

[[projects]]
  digest = "1:5d7e98ad29b0dc062d7cb720c4f8c85b521b64a508ffd6d82d5c288d682a2728"
  name = "github.com/spf13/viper"
  packages = ["."]
  pruneopts = "T"
  revision = "b5bf975e5823809fb22c7644d008757f78a4259e"
  version = "v1.4.0"

[[projects]]
  digest = "1:117d03134368f1863cdc9cb11b65c66096641c68410834019d4bbeb645231c8e"
  name = "github.com/unknwon/com"
  packages = ["."]
  pruneopts = "T"
  revision = "41959bdd855fb7db467f78865d5f9044507df1cd"
  version = "v2"

[[projects]]
  branch = "master"
  digest = "1:e31be034fd6b7057f387bf33683b2a4a2468d299bc311ff45f8dc269a8ea046b"
  name = "golang.org/x/crypto"
  packages = ["pbkdf2"]
  pruneopts = "T"
  revision = "4def268fd1a49955bfb3dda92fe3db4f924f2285"

[[projects]]
  branch = "master"
  digest = "1:bfc4657c8a4e1e8c0358ae876002b15228933859eea55896f8dc5dcd7a7dbb25"
  name = "golang.org/x/image"
  packages = [
    "font",
    "font/gofont/gomono",
    "math/fixed",
  ]
  pruneopts = "T"
  revision = "cff245a6509b8c4de022d0d5b9037c503c5989d6"

[[projects]]
  branch = "master"
  digest = "1:ef49b2611bcfc3bb0e8f40f3fadb53d0b072127c593bc8d60b6eddecbd40d591"
  name = "golang.org/x/sys"
  packages = ["unix"]
  pruneopts = "T"
  revision = "51ab0e2deafac1f46c46ad59cf0921be2f180c3d"

[[projects]]
  digest = "1:0a6103b1dc59b52f7e64a491b398b854c0fcaacde43c25ce468610a64311b72d"
  name = "golang.org/x/text"
  packages = [
    "internal/gen",
    "internal/triegen",
    "internal/ucd",
    "transform",
    "unicode/cldr",
    "unicode/norm",
  ]
  pruneopts = "T"
  revision = "342b2e1fbaa52c93f31447ad2c6abc048c63e475"
  version = "v0.3.2"

[[projects]]
  digest = "1:5fd98bdbfac189ac93def124c018da549e8938c11104f2981853f5272812221b"
  name = "gopkg.in/ini.v1"
  packages = ["."]
  pruneopts = "T"
  revision = "d4cae42d398bc0095297fc3315669590d29166ea"
  version = "v1.46.0"

[[projects]]
  digest = "1:4d58f28831b8ddc1e1f60e3c1c89821c0c448eb6f7763fc4f0a33d7ac1a90538"
  name = "gopkg.in/macaron.v1"
  packages = ["."]
  pruneopts = "T"
  revision = "213788aac5bca04b4ef40b4b3ab821d417dbf396"
  version = "v1.3.4"

[[projects]]
  digest = "1:4d2e5a73dc1500038e504a8d78b986630e3626dc027bc030ba5c75da257cdb96"
  name = "gopkg.in/yaml.v2"
  packages = ["."]
  pruneopts = "T"
  revision = "51d6538a90f86fe93ac480b35f37b2be17fef232"
  version = "v2.2.2"

[solve-meta]
  analyzer-name = "dep"
  analyzer-version = 1
  input-imports = [
    "github.com/fsnotify/fsnotify",
    "github.com/korandiz/v4l",
    "github.com/korandiz/v4l/fmt/mjpeg",
    "github.com/mudler/gluedd/pkg/api",
    "github.com/mudler/gluedd/pkg/errand",
    "github.com/mudler/gluedd/pkg/predictor",
    "github.com/mudler/gluedd/pkg/resource",
    "github.com/nfnt/resize",
    "github.com/pixiv/go-libjpeg/jpeg",
    "github.com/sahilm/fuzzy",
    "github.com/saljam/mjpeg",
    "github.com/spf13/cobra",
    "github.com/spf13/viper",
    "gopkg.in/macaron.v1",
  ]
  solver-name = "gps-cdcl"
  solver-version = 1
